
Microsoft Visual Studio Solution File, Format Version 12.00
# Visual Studio Version 16
VisualStudioVersion = 16.0.29020.237
MinimumVisualStudioVersion = 10.0.40219.1
Project("{FAE04EC0-301F-11D3-BF4B-00C04F79EFBC}") = "NTemplate", "NTemplate\NTemplate.csproj", "{8F404A3C-5AD5-4901-82AD-E2814C406B8B}"
EndProject
Project("{FAE04EC0-301F-11D3-BF4B-00C04F79EFBC}") = "NTemplate.Tests", "NTemplate.Tests\NTemplate.Tests.csproj", "{86A36137-BF0F-4405-A405-5D4167E6F486}"
EndProject
Project("{FAE04EC0-301F-11D3-BF4B-00C04F79EFBC}") = "NTemplate.Engine.Razor", "NTemplate.Engine.Razor\NTemplate.Engine.Razor.csproj", "{A00EAAFA-3323-4FF7-9CF7-4A267A53B0B3}"
EndProject
Project("{FAE04EC0-301F-11D3-BF4B-00C04F79EFBC}") = "NTemplate.Engine.Aspx", "NTemplate.Engine.Aspx\NTemplate.Engine.Aspx.csproj", "{2CE2C9A2-5B44-43A5-8708-BCC7414C917A}"
EndProject
Project("{2150E333-8FDC-42A3-9474-1A3956D46DE8}") = "Samples", "Samples", "{AC18542B-5096-4B26-8BE0-04EE2356E77C}"
EndProject
Project("{FAE04EC0-301F-11D3-BF4B-00C04F79EFBC}") = "MergeRowSample", "MergeRowSample\MergeRowSample.csproj", "{73FB2333-7C2A-45B4-90AD-E655B3EA1A9F}"
EndProject
Project("{FAE04EC0-301F-11D3-BF4B-00C04F79EFBC}") = "NTemplate.Excel", "NTemplate.Excel\NTemplate.Excel.csproj", "{7028EF89-D9E1-4F2D-AE5F-6347A54AC5AC}"
EndProject
Global
	GlobalSection(SolutionConfigurationPlatforms) = preSolution
		Debug|Any CPU = Debug|Any CPU
		Release|Any CPU = Release|Any CPU
	EndGlobalSection
	GlobalSection(ProjectConfigurationPlatforms) = postSolution
		{8F404A3C-5AD5-4901-82AD-E2814C406B8B}.Debug|Any CPU.ActiveCfg = Debug|Any CPU
		{8F404A3C-5AD5-4901-82AD-E2814C406B8B}.Debug|Any CPU.Build.0 = Debug|Any CPU
		{8F404A3C-5AD5-4901-82AD-E2814C406B8B}.Release|Any CPU.ActiveCfg = Release|Any CPU
		{8F404A3C-5AD5-4901-82AD-E2814C406B8B}.Release|Any CPU.Build.0 = Release|Any CPU
		{86A36137-BF0F-4405-A405-5D4167E6F486}.Debug|Any CPU.ActiveCfg = Debug|Any CPU
		{86A36137-BF0F-4405-A405-5D4167E6F486}.Debug|Any CPU.Build.0 = Debug|Any CPU
		{86A36137-BF0F-4405-A405-5D4167E6F486}.Release|Any CPU.ActiveCfg = Release|Any CPU
		{86A36137-BF0F-4405-A405-5D4167E6F486}.Release|Any CPU.Build.0 = Release|Any CPU
		{A00EAAFA-3323-4FF7-9CF7-4A267A53B0B3}.Debug|Any CPU.ActiveCfg = Debug|Any CPU
		{A00EAAFA-3323-4FF7-9CF7-4A267A53B0B3}.Debug|Any CPU.Build.0 = Debug|Any CPU
		{A00EAAFA-3323-4FF7-9CF7-4A267A53B0B3}.Release|Any CPU.ActiveCfg = Release|Any CPU
		{A00EAAFA-3323-4FF7-9CF7-4A267A53B0B3}.Release|Any CPU.Build.0 = Release|Any CPU
		{2CE2C9A2-5B44-43A5-8708-BCC7414C917A}.Debug|Any CPU.ActiveCfg = Debug|Any CPU
		{2CE2C9A2-5B44-43A5-8708-BCC7414C917A}.Debug|Any CPU.Build.0 = Debug|Any CPU
		{2CE2C9A2-5B44-43A5-8708-BCC7414C917A}.Release|Any CPU.ActiveCfg = Release|Any CPU
		{2CE2C9A2-5B44-43A5-8708-BCC7414C917A}.Release|Any CPU.Build.0 = Release|Any CPU
		{73FB2333-7C2A-45B4-90AD-E655B3EA1A9F}.Debug|Any CPU.ActiveCfg = Debug|Any CPU
		{73FB2333-7C2A-45B4-90AD-E655B3EA1A9F}.Debug|Any CPU.Build.0 = Debug|Any CPU
		{73FB2333-7C2A-45B4-90AD-E655B3EA1A9F}.Release|Any CPU.ActiveCfg = Release|Any CPU
		{73FB2333-7C2A-45B4-90AD-E655B3EA1A9F}.Release|Any CPU.Build.0 = Release|Any CPU
		{7028EF89-D9E1-4F2D-AE5F-6347A54AC5AC}.Debug|Any CPU.ActiveCfg = Debug|Any CPU
		{7028EF89-D9E1-4F2D-AE5F-6347A54AC5AC}.Debug|Any CPU.Build.0 = Debug|Any CPU
		{7028EF89-D9E1-4F2D-AE5F-6347A54AC5AC}.Release|Any CPU.ActiveCfg = Release|Any CPU
		{7028EF89-D9E1-4F2D-AE5F-6347A54AC5AC}.Release|Any CPU.Build.0 = Release|Any CPU
	EndGlobalSection
	GlobalSection(SolutionProperties) = preSolution
		HideSolutionNode = FALSE
	EndGlobalSection
	GlobalSection(NestedProjects) = preSolution
		{73FB2333-7C2A-45B4-90AD-E655B3EA1A9F} = {AC18542B-5096-4B26-8BE0-04EE2356E77C}
	EndGlobalSection
	GlobalSection(ExtensibilityGlobals) = postSolution
		SolutionGuid = {D26E9C28-7593-494E-8AE5-5EC1405F2BD9}
	EndGlobalSection
EndGlobal
